
Microsoft Visual Studio Solution File, Format Version 12.00
# Visual Studio Version 17
VisualStudioVersion = 17.7.34024.191
MinimumVisualStudioVersion = 10.0.40219.1
Project("{FAE04EC0-301F-11D3-BF4B-00C04F79EFBC}") = "BankProject", "BankProject\BankProject.csproj", "{A669A7AC-9C73-4AE3-926E-F3A6A0CD38E5}"
EndProject
Project("{FAE04EC0-301F-11D3-BF4B-00C04F79EFBC}") = "TestBankProject", "TestBankProject\TestBankProject.csproj", "{BD334E5E-1F56-476A-B9AF-4F495C88C2FD}"
EndProject
Global
	GlobalSection(SolutionConfigurationPlatforms) = preSolution
		Debug|Any CPU = Debug|Any CPU
		Release|Any CPU = Release|Any CPU
	EndGlobalSection
	GlobalSection(ProjectConfigurationPlatforms) = postSolution
		{A669A7AC-9C73-4AE3-926E-F3A6A0CD38E5}.Debug|Any CPU.ActiveCfg = Debug|Any CPU
		{A669A7AC-9C73-4AE3-926E-F3A6A0CD38E5}.Debug|Any CPU.Build.0 = Debug|Any CPU
		{A669A7AC-9C73-4AE3-926E-F3A6A0CD38E5}.Release|Any CPU.ActiveCfg = Release|Any CPU
		{A669A7AC-9C73-4AE3-926E-F3A6A0CD38E5}.Release|Any CPU.Build.0 = Release|Any CPU
		{BD334E5E-1F56-476A-B9AF-4F495C88C2FD}.Debug|Any CPU.ActiveCfg = Debug|Any CPU
		{BD334E5E-1F56-476A-B9AF-4F495C88C2FD}.Debug|Any CPU.Build.0 = Debug|Any CPU
		{BD334E5E-1F56-476A-B9AF-4F495C88C2FD}.Release|Any CPU.ActiveCfg = Release|Any CPU
		{BD334E5E-1F56-476A-B9AF-4F495C88C2FD}.Release|Any CPU.Build.0 = Release|Any CPU
	EndGlobalSection
	GlobalSection(SolutionProperties) = preSolution
		HideSolutionNode = FALSE
	EndGlobalSection
	GlobalSection(ExtensibilityGlobals) = postSolution
		SolutionGuid = {1BF6A719-79C3-48F7-AD43-E01A56811BEB}
	EndGlobalSection
EndGlobal
